
Microsoft Visual Studio Solution File, Format Version 12.00
# Visual Studio Version 16
VisualStudioVersion = 16.0.28917.181
MinimumVisualStudioVersion = 10.0.40219.1
Project("{FAE04EC0-301F-11D3-BF4B-00C04F79EFBC}") = "csharp-classes", "csharp-classes\csharp-classes.csproj", "{A8A1F0AB-41FD-464C-8D5C-7A54FD08090F}"
EndProject
Global
	GlobalSection(SolutionConfigurationPlatforms) = preSolution
		Debug|Any CPU = Debug|Any CPU
		Release|Any CPU = Release|Any CPU
	EndGlobalSection
	GlobalSection(ProjectConfigurationPlatforms) = postSolution
		{A8A1F0AB-41FD-464C-8D5C-7A54FD08090F}.Debug|Any CPU.ActiveCfg = Debug|Any CPU
		{A8A1F0AB-41FD-464C-8D5C-7A54FD08090F}.Debug|Any CPU.Build.0 = Debug|Any CPU
		{A8A1F0AB-41FD-464C-8D5C-7A54FD08090F}.Release|Any CPU.ActiveCfg = Release|Any CPU
		{A8A1F0AB-41FD-464C-8D5C-7A54FD08090F}.Release|Any CPU.Build.0 = Release|Any CPU
	EndGlobalSection
	GlobalSection(SolutionProperties) = preSolution
		HideSolutionNode = FALSE
	EndGlobalSection
	GlobalSection(ExtensibilityGlobals) = postSolution
		SolutionGuid = {9F58FD32-F69F-40B6-BBFE-054296670B20}
	EndGlobalSection
EndGlobal
